
Microsoft Visual Studio Solution File, Format Version 12.00
# Visual Studio 14
VisualStudioVersion = 14.0.25420.1
MinimumVisualStudioVersion = 10.0.40219.1
Project("{FAE04EC0-301F-11D3-BF4B-00C04F79EFBC}") = "CircleApplication", "CircleApplication\CircleApplication.csproj", "{0719F0F3-9F67-4D7B-A3F9-B077525C986B}"
EndProject
Project("{FAE04EC0-301F-11D3-BF4B-00C04F79EFBC}") = "CircleTest", "CircleTest\CircleTest.csproj", "{64906EF9-4A19-4E92-A7A7-9B96DE22DBA3}"
EndProject
Project("{FAE04EC0-301F-11D3-BF4B-00C04F79EFBC}") = "NUnitTest", "NUnitTest\NUnitTest.csproj", "{5514538C-AF89-4E04-B18D-0D50BAD8E2E6}"
EndProject
Global
	GlobalSection(SolutionConfigurationPlatforms) = preSolution
		Debug|Any CPU = Debug|Any CPU
		Release|Any CPU = Release|Any CPU
	EndGlobalSection
	GlobalSection(ProjectConfigurationPlatforms) = postSolution
		{0719F0F3-9F67-4D7B-A3F9-B077525C986B}.Debug|Any CPU.ActiveCfg = Debug|Any CPU
		{0719F0F3-9F67-4D7B-A3F9-B077525C986B}.Debug|Any CPU.Build.0 = Debug|Any CPU
		{0719F0F3-9F67-4D7B-A3F9-B077525C986B}.Release|Any CPU.ActiveCfg = Release|Any CPU
		{0719F0F3-9F67-4D7B-A3F9-B077525C986B}.Release|Any CPU.Build.0 = Release|Any CPU
		{64906EF9-4A19-4E92-A7A7-9B96DE22DBA3}.Debug|Any CPU.ActiveCfg = Debug|Any CPU
		{64906EF9-4A19-4E92-A7A7-9B96DE22DBA3}.Debug|Any CPU.Build.0 = Debug|Any CPU
		{64906EF9-4A19-4E92-A7A7-9B96DE22DBA3}.Release|Any CPU.ActiveCfg = Release|Any CPU
		{64906EF9-4A19-4E92-A7A7-9B96DE22DBA3}.Release|Any CPU.Build.0 = Release|Any CPU
		{5514538C-AF89-4E04-B18D-0D50BAD8E2E6}.Debug|Any CPU.ActiveCfg = Debug|Any CPU
		{5514538C-AF89-4E04-B18D-0D50BAD8E2E6}.Debug|Any CPU.Build.0 = Debug|Any CPU
		{5514538C-AF89-4E04-B18D-0D50BAD8E2E6}.Release|Any CPU.ActiveCfg = Release|Any CPU
		{5514538C-AF89-4E04-B18D-0D50BAD8E2E6}.Release|Any CPU.Build.0 = Release|Any CPU
	EndGlobalSection
	GlobalSection(SolutionProperties) = preSolution
		HideSolutionNode = FALSE
	EndGlobalSection
EndGlobal
